
Microsoft Visual Studio Solution File, Format Version 12.00
# Visual Studio 2012
Project("{2150E333-8FDC-42A3-9474-1A3956D46DE8}") = "Solution Items", "Solution Items", "{6007CFBF-06B2-49DE-8B12-5C6BF44357CB}"
	ProjectSection(SolutionItems) = preProject
		.gitattributes = .gitattributes
		.gitignore = .gitignore
		README.md = README.md
	EndProjectSection
EndProject
Project("{FAE04EC0-301F-11D3-BF4B-00C04F79EFBC}") = "UI", "UI\UI.csproj", "{AF7AB4E9-0D72-44DC-9765-C32009C7669C}"
EndProject
Project("{00D1A9C2-B5F0-4AF3-8072-F6C62B433612}") = "Scheduler.Database", "Scheduler.Database\Scheduler.Database.sqlproj", "{58AAADC5-EDE5-46B3-997A-24882D460601}"
EndProject
Project("{FAE04EC0-301F-11D3-BF4B-00C04F79EFBC}") = "Sheduler.Dal", "Sheduler.Dal\Sheduler.Dal.csproj", "{53F1CBC4-21C8-46F1-815B-4DBB063C3D85}"
EndProject
Project("{FAE04EC0-301F-11D3-BF4B-00C04F79EFBC}") = "Sheduler.Contracts", "Sheduler.Contracts\Sheduler.Contracts.csproj", "{FD01009C-452D-45DC-A852-7FE77DFDDB2F}"
EndProject
Project("{FAE04EC0-301F-11D3-BF4B-00C04F79EFBC}") = "Sheduler.Data", "Sheduler.Data\Sheduler.Data.csproj", "{FA347886-23FC-4FD1-8EEE-6D1390FCA03F}"
EndProject
Global
	GlobalSection(SolutionConfigurationPlatforms) = preSolution
		Debug|Any CPU = Debug|Any CPU
		Release|Any CPU = Release|Any CPU
	EndGlobalSection
	GlobalSection(ProjectConfigurationPlatforms) = postSolution
		{AF7AB4E9-0D72-44DC-9765-C32009C7669C}.Debug|Any CPU.ActiveCfg = Debug|Any CPU
		{AF7AB4E9-0D72-44DC-9765-C32009C7669C}.Debug|Any CPU.Build.0 = Debug|Any CPU
		{AF7AB4E9-0D72-44DC-9765-C32009C7669C}.Release|Any CPU.ActiveCfg = Release|Any CPU
		{AF7AB4E9-0D72-44DC-9765-C32009C7669C}.Release|Any CPU.Build.0 = Release|Any CPU
		{58AAADC5-EDE5-46B3-997A-24882D460601}.Debug|Any CPU.ActiveCfg = Debug|Any CPU
		{58AAADC5-EDE5-46B3-997A-24882D460601}.Debug|Any CPU.Build.0 = Debug|Any CPU
		{58AAADC5-EDE5-46B3-997A-24882D460601}.Debug|Any CPU.Deploy.0 = Debug|Any CPU
		{58AAADC5-EDE5-46B3-997A-24882D460601}.Release|Any CPU.ActiveCfg = Release|Any CPU
		{58AAADC5-EDE5-46B3-997A-24882D460601}.Release|Any CPU.Build.0 = Release|Any CPU
		{58AAADC5-EDE5-46B3-997A-24882D460601}.Release|Any CPU.Deploy.0 = Release|Any CPU
		{53F1CBC4-21C8-46F1-815B-4DBB063C3D85}.Debug|Any CPU.ActiveCfg = Debug|Any CPU
		{53F1CBC4-21C8-46F1-815B-4DBB063C3D85}.Debug|Any CPU.Build.0 = Debug|Any CPU
		{53F1CBC4-21C8-46F1-815B-4DBB063C3D85}.Release|Any CPU.ActiveCfg = Release|Any CPU
		{53F1CBC4-21C8-46F1-815B-4DBB063C3D85}.Release|Any CPU.Build.0 = Release|Any CPU
		{FD01009C-452D-45DC-A852-7FE77DFDDB2F}.Debug|Any CPU.ActiveCfg = Debug|Any CPU
		{FD01009C-452D-45DC-A852-7FE77DFDDB2F}.Debug|Any CPU.Build.0 = Debug|Any CPU
		{FD01009C-452D-45DC-A852-7FE77DFDDB2F}.Release|Any CPU.ActiveCfg = Release|Any CPU
		{FD01009C-452D-45DC-A852-7FE77DFDDB2F}.Release|Any CPU.Build.0 = Release|Any CPU
		{FA347886-23FC-4FD1-8EEE-6D1390FCA03F}.Debug|Any CPU.ActiveCfg = Debug|Any CPU
		{FA347886-23FC-4FD1-8EEE-6D1390FCA03F}.Debug|Any CPU.Build.0 = Debug|Any CPU
		{FA347886-23FC-4FD1-8EEE-6D1390FCA03F}.Release|Any CPU.ActiveCfg = Release|Any CPU
		{FA347886-23FC-4FD1-8EEE-6D1390FCA03F}.Release|Any CPU.Build.0 = Release|Any CPU
	EndGlobalSection
	GlobalSection(SolutionProperties) = preSolution
		HideSolutionNode = FALSE
	EndGlobalSection
EndGlobal
